// !$*UTF8*$!
{
	archiveVersion = 1;
	classes = {
	};
	objectVersion = 48;
	objects = {

/* Begin PBXBuildFile section */
		078901D22045858D009ED751 /* main.cpp in Sources */ = {isa = PBXBuildFile; fileRef = 078901D12045858D009ED751 /* main.cpp */; };
		078901E7204676FB009ED751 /* SimpleLoopTests.mm in Sources */ = {isa = PBXBuildFile; fileRef = 078901E6204676FB009ED751 /* SimpleLoopTests.mm */; };
		078901E920468AA6009ED751 /* RecursionTests.mm in Sources */ = {isa = PBXBuildFile; fileRef = 078901E820468AA6009ED751 /* RecursionTests.mm */; };
		078901EB204695E3009ED751 /* ListTests.mm in Sources */ = {isa = PBXBuildFile; fileRef = 078901EA204695E3009ED751 /* ListTests.mm */; };
		078901EF20472D76009ED751 /* TemplateTests.mm in Sources */ = {isa = PBXBuildFile; fileRef = 078901EE20472D76009ED751 /* TemplateTests.mm */; };
		078901F220475891009ED751 /* StringTests.mm in Sources */ = {isa = PBXBuildFile; fileRef = 078901F120475891009ED751 /* StringTests.mm */; };
/* End PBXBuildFile section */

/* Begin PBXCopyFilesBuildPhase section */
		078901CC2045858D009ED751 /* CopyFiles */ = {
			isa = PBXCopyFilesBuildPhase;
			buildActionMask = 2147483647;
			dstPath = /usr/share/man/man1/;
			dstSubfolderSpec = 0;
			files = (
			);
			runOnlyForDeploymentPostprocessing = 1;
		};
/* End PBXCopyFilesBuildPhase section */

/* Begin PBXFileReference section */
		078901CE2045858D009ED751 /* MortiseTenonPuzzle */ = {isa = PBXFileReference; explicitFileType = "compiled.mach-o.executable"; includeInIndex = 0; path = MortiseTenonPuzzle; sourceTree = BUILT_PRODUCTS_DIR; };
		078901D12045858D009ED751 /* main.cpp */ = {isa = PBXFileReference; lastKnownFileType = sourcecode.cpp.cpp; path = main.cpp; sourceTree = "<group>"; };
		078901DC20467355009ED751 /* MortiseTenonPuzzleTests.xctest */ = {isa = PBXFileReference; explicitFileType = wrapper.cfbundle; includeInIndex = 0; path = MortiseTenonPuzzleTests.xctest; sourceTree = BUILT_PRODUCTS_DIR; };
		078901E020467355009ED751 /* Info.plist */ = {isa = PBXFileReference; lastKnownFileType = text.plist.xml; path = Info.plist; sourceTree = "<group>"; };
		078901E6204676FB009ED751 /* SimpleLoopTests.mm */ = {isa = PBXFileReference; lastKnownFileType = sourcecode.cpp.objcpp; path = SimpleLoopTests.mm; sourceTree = "<group>"; };
		078901E820468AA6009ED751 /* RecursionTests.mm */ = {isa = PBXFileReference; lastKnownFileType = sourcecode.cpp.objcpp; path = RecursionTests.mm; sourceTree = "<group>"; };
		078901EA204695E3009ED751 /* ListTests.mm */ = {isa = PBXFileReference; lastKnownFileType = sourcecode.cpp.objcpp; path = ListTests.mm; sourceTree = "<group>"; };
		078901EE20472D76009ED751 /* TemplateTests.mm */ = {isa = PBXFileReference; lastKnownFileType = sourcecode.cpp.objcpp; path = TemplateTests.mm; sourceTree = "<group>"; };
		078901F02047446B009ED751 /* templatevector.h */ = {isa = PBXFileReference; lastKnownFileType = sourcecode.c.h; path = templatevector.h; sourceTree = "<group>"; };
		078901F120475891009ED751 /* StringTests.mm */ = {isa = PBXFileReference; lastKnownFileType = sourcecode.cpp.objcpp; path = StringTests.mm; sourceTree = "<group>"; };
/* End PBXFileReference section */

/* Begin PBXFrameworksBuildPhase section */
		078901CB2045858D009ED751 /* Frameworks */ = {
			isa = PBXFrameworksBuildPhase;
			buildActionMask = 2147483647;
			files = (
			);
			runOnlyForDeploymentPostprocessing = 0;
		};
		078901D920467355009ED751 /* Frameworks */ = {
			isa = PBXFrameworksBuildPhase;
			buildActionMask = 2147483647;
			files = (
			);
			runOnlyForDeploymentPostprocessing = 0;
		};
/* End PBXFrameworksBuildPhase section */

/* Begin PBXGroup section */
		078901C52045858D009ED751 = {
			isa = PBXGroup;
			children = (
				078901D02045858D009ED751 /* MortiseTenonPuzzle */,
				078901DD20467355009ED751 /* MortiseTenonPuzzleTests */,
				078901CF2045858D009ED751 /* Products */,
			);
			sourceTree = "<group>";
		};
		078901CF2045858D009ED751 /* Products */ = {
			isa = PBXGroup;
			children = (
				078901CE2045858D009ED751 /* MortiseTenonPuzzle */,
				078901DC20467355009ED751 /* MortiseTenonPuzzleTests.xctest */,
			);
			name = Products;
			sourceTree = "<group>";
		};
		078901D02045858D009ED751 /* MortiseTenonPuzzle */ = {
			isa = PBXGroup;
			children = (
				078901D12045858D009ED751 /* main.cpp */,
			);
			path = MortiseTenonPuzzle;
			sourceTree = "<group>";
		};
		078901DD20467355009ED751 /* MortiseTenonPuzzleTests */ = {
			isa = PBXGroup;
			children = (
				078901E6204676FB009ED751 /* SimpleLoopTests.mm */,
				078901F120475891009ED751 /* StringTests.mm */,
				078901E820468AA6009ED751 /* RecursionTests.mm */,
				078901EA204695E3009ED751 /* ListTests.mm */,
				078901EE20472D76009ED751 /* TemplateTests.mm */,
				078901F02047446B009ED751 /* templatevector.h */,
				078901E020467355009ED751 /* Info.plist */,
			);
			path = MortiseTenonPuzzleTests;
			sourceTree = "<group>";
		};
/* End PBXGroup section */

/* Begin PBXNativeTarget section */
		078901CD2045858D009ED751 /* MortiseTenonPuzzle */ = {
			isa = PBXNativeTarget;
			buildConfigurationList = 078901D52045858D009ED751 /* Build configuration list for PBXNativeTarget "MortiseTenonPuzzle" */;
			buildPhases = (
				078901CA2045858D009ED751 /* Sources */,
				078901CB2045858D009ED751 /* Frameworks */,
				078901CC2045858D009ED751 /* CopyFiles */,
			);
			buildRules = (
			);
			dependencies = (
			);
			name = MortiseTenonPuzzle;
			productName = MortiseTenonPuzzle;
			productReference = 078901CE2045858D009ED751 /* MortiseTenonPuzzle */;
			productType = "com.apple.product-type.tool";
		};
		078901DB20467355009ED751 /* MortiseTenonPuzzleTests */ = {
			isa = PBXNativeTarget;
			buildConfigurationList = 078901E320467355009ED751 /* Build configuration list for PBXNativeTarget "MortiseTenonPuzzleTests" */;
			buildPhases = (
				078901D820467355009ED751 /* Sources */,
				078901D920467355009ED751 /* Frameworks */,
				078901DA20467355009ED751 /* Resources */,
			);
			buildRules = (
			);
			dependencies = (
			);
			name = MortiseTenonPuzzleTests;
			productName = MortiseTenonPuzzleTests;
			productReference = 078901DC20467355009ED751 /* MortiseTenonPuzzleTests.xctest */;
			productType = "com.apple.product-type.bundle.unit-test";
		};
/* End PBXNativeTarget section */

/* Begin PBXProject section */
		078901C62045858D009ED751 /* Project object */ = {
			isa = PBXProject;
			attributes = {
				LastUpgradeCheck = 0920;
				ORGANIZATIONNAME = "GoldThumb Inc.";
				TargetAttributes = {
					078901CD2045858D009ED751 = {
						CreatedOnToolsVersion = 9.2;
						ProvisioningStyle = Automatic;
					};
					078901DB20467355009ED751 = {
						CreatedOnToolsVersion = 9.2;
						ProvisioningStyle = Automatic;
					};
				};
			};
			buildConfigurationList = 078901C92045858D009ED751 /* Build configuration list for PBXProject "MortiseTenonPuzzle" */;
			compatibilityVersion = "Xcode 8.0";
			developmentRegion = en;
			hasScannedForEncodings = 0;
			knownRegions = (
				en,
			);
			mainGroup = 078901C52045858D009ED751;
			productRefGroup = 078901CF2045858D009ED751 /* Products */;
			projectDirPath = "";
			projectRoot = "";
			targets = (
				078901CD2045858D009ED751 /* MortiseTenonPuzzle */,
				078901DB20467355009ED751 /* MortiseTenonPuzzleTests */,
			);
		};
/* End PBXProject section */

/* Begin PBXResourcesBuildPhase section */
		078901DA20467355009ED751 /* Resources */ = {
			isa = PBXResourcesBuildPhase;
			buildActionMask = 2147483647;
			files = (
			);
			runOnlyForDeploymentPostprocessing = 0;
		};
/* End PBXResourcesBuildPhase section */

/* Begin PBXSourcesBuildPhase section */
		078901CA2045858D009ED751 /* Sources */ = {
			isa = PBXSourcesBuildPhase;
			buildActionMask = 2147483647;
			files = (
				078901D22045858D009ED751 /* main.cpp in Sources */,
			);
			runOnlyForDeploymentPostprocessing = 0;
		};
		078901D820467355009ED751 /* Sources */ = {
			isa = PBXSourcesBuildPhase;
			buildActionMask = 2147483647;
			files = (
				078901E920468AA6009ED751 /* RecursionTests.mm in Sources */,
				078901EF20472D76009ED751 /* TemplateTests.mm in Sources */,
				078901EB204695E3009ED751 /* ListTests.mm in Sources */,
				078901F220475891009ED751 /* StringTests.mm in Sources */,
				078901E7204676FB009ED751 /* SimpleLoopTests.mm in Sources */,
			);
			runOnlyForDeploymentPostprocessing = 0;
		};
/* End PBXSourcesBuildPhase section */

/* Begin XCBuildConfiguration section */
		078901D32045858D009ED751 /* Debug */ = {
			isa = XCBuildConfiguration;
			buildSettings = {
				ALWAYS_SEARCH_USER_PATHS = NO;
				CLANG_ANALYZER_NONNULL = YES;
				CLANG_ANALYZER_NUMBER_OBJECT_CONVERSION = YES_AGGRESSIVE;
				CLANG_CXX_LANGUAGE_STANDARD = "gnu++14";
				CLANG_CXX_LIBRARY = "libc++";
				CLANG_ENABLE_MODULES = YES;
				CLANG_ENABLE_OBJC_ARC = YES;
				CLANG_WARN_BLOCK_CAPTURE_AUTORELEASING = YES;
				CLANG_WARN_BOOL_CONVERSION = YES;
				CLANG_WARN_COMMA = YES;
				CLANG_WARN_CONSTANT_CONVERSION = YES;
				CLANG_WARN_DIRECT_OBJC_ISA_USAGE = YES_ERROR;
				CLANG_WARN_DOCUMENTATION_COMMENTS = YES;
				CLANG_WARN_EMPTY_BODY = YES;
				CLANG_WARN_ENUM_CONVERSION = YES;
				CLANG_WARN_INFINITE_RECURSION = YES;
				CLANG_WARN_INT_CONVERSION = YES;
				CLANG_WARN_NON_LITERAL_NULL_CONVERSION = YES;
				CLANG_WARN_OBJC_LITERAL_CONVERSION = YES;
				CLANG_WARN_OBJC_ROOT_CLASS = YES_ERROR;
				CLANG_WARN_RANGE_LOOP_ANALYSIS = YES;
				CLANG_WARN_STRICT_PROTOTYPES = YES;
				CLANG_WARN_SUSPICIOUS_MOVE = YES;
				CLANG_WARN_UNGUARDED_AVAILABILITY = YES_AGGRESSIVE;
				CLANG_WARN_UNREACHABLE_CODE = YES;
				CLANG_WARN__DUPLICATE_METHOD_MATCH = YES;
				CODE_SIGN_IDENTITY = "Mac Developer";
				COPY_PHASE_STRIP = NO;
				DEBUG_INFORMATION_FORMAT = dwarf;
				ENABLE_STRICT_OBJC_MSGSEND = YES;
				ENABLE_TESTABILITY = YES;
				GCC_C_LANGUAGE_STANDARD = gnu11;
				GCC_DYNAMIC_NO_PIC = NO;
				GCC_NO_COMMON_BLOCKS = YES;
				GCC_OPTIMIZATION_LEVEL = 0;
				GCC_PREPROCESSOR_DEFINITIONS = (
					"DEBUG=1",
					"$(inherited)",
				);
				GCC_WARN_64_TO_32_BIT_CONVERSION = YES;
				GCC_WARN_ABOUT_RETURN_TYPE = YES_ERROR;
				GCC_WARN_UNDECLARED_SELECTOR = YES;
				GCC_WARN_UNINITIALIZED_AUTOS = YES_AGGRESSIVE;
				GCC_WARN_UNUSED_FUNCTION = YES;
				GCC_WARN_UNUSED_VARIABLE = YES;
				MACOSX_DEPLOYMENT_TARGET = 10.13;
				MTL_ENABLE_DEBUG_INFO = YES;
				ONLY_ACTIVE_ARCH = YES;
				SDKROOT = macosx;
			};
			name = Debug;
		};
		078901D42045858D009ED751 /* Release */ = {
			isa = XCBuildConfiguration;
			buildSettings = {
				ALWAYS_SEARCH_USER_PATHS = NO;
				CLANG_ANALYZER_NONNULL = YES;
				CLANG_ANALYZER_NUMBER_OBJECT_CONVERSION = YES_AGGRESSIVE;
				CLANG_CXX_LANGUAGE_STANDARD = "gnu++14";
				CLANG_CXX_LIBRARY = "libc++";
				CLANG_ENABLE_MODULES = YES;
				CLANG_ENABLE_OBJC_ARC = YES;
				CLANG_WARN_BLOCK_CAPTURE_AUTORELEASING = YES;
				CLANG_WARN_BOOL_CONVERSION = YES;
				CLANG_WARN_COMMA = YES;
				CLANG_WARN_CONSTANT_CONVERSION = YES;
				CLANG_WARN_DIRECT_OBJC_ISA_USAGE = YES_ERROR;
				CLANG_WARN_DOCUMENTATION_COMMENTS = YES;
				CLANG_WARN_EMPTY_BODY = YES;
				CLANG_WARN_ENUM_CONVERSION = YES;
				CLANG_WARN_INFINITE_RECURSION = YES;
				CLANG_WARN_INT_CONVERSION = YES;
				CLANG_WARN_NON_LITERAL_NULL_CONVERSION = YES;
				CLANG_WARN_OBJC_LITERAL_CONVERSION = YES;
				CLANG_WARN_OBJC_ROOT_CLASS = YES_ERROR;
				CLANG_WARN_RANGE_LOOP_ANALYSIS = YES;
				CLANG_WARN_STRICT_PROTOTYPES = YES;
				CLANG_WARN_SUSPICIOUS_MOVE = YES;
				CLANG_WARN_UNGUARDED_AVAILABILITY = YES_AGGRESSIVE;
				CLANG_WARN_UNREACHABLE_CODE = YES;
				CLANG_WARN__DUPLICATE_METHOD_MATCH = YES;
				CODE_SIGN_IDENTITY = "Mac Developer";
				COPY_PHASE_STRIP = NO;
				DEBUG_INFORMATION_FORMAT = "dwarf-with-dsym";
				ENABLE_NS_ASSERTIONS = NO;
				ENABLE_STRICT_OBJC_MSGSEND = YES;
				GCC_C_LANGUAGE_STANDARD = gnu11;
				GCC_NO_COMMON_BLOCKS = YES;
				GCC_WARN_64_TO_32_BIT_CONVERSION = YES;
				GCC_WARN_ABOUT_RETURN_TYPE = YES_ERROR;
				GCC_WARN_UNDECLARED_SELECTOR = YES;
				GCC_WARN_UNINITIALIZED_AUTOS = YES_AGGRESSIVE;
				GCC_WARN_UNUSED_FUNCTION = YES;
				GCC_WARN_UNUSED_VARIABLE = YES;
				MACOSX_DEPLOYMENT_TARGET = 10.13;
				MTL_ENABLE_DEBUG_INFO = NO;
				SDKROOT = macosx;
			};
			name = Release;
		};
		078901D62045858D009ED751 /* Debug */ = {
			isa = XCBuildConfiguration;
			buildSettings = {
				CODE_SIGN_STYLE = Automatic;
				DEVELOPMENT_TEAM = J8B74FCZCC;
				PRODUCT_NAME = "$(TARGET_NAME)";
			};
			name = Debug;
		};
		078901D72045858D009ED751 /* Release */ = {
			isa = XCBuildConfiguration;
			buildSettings = {
				CODE_SIGN_STYLE = Automatic;
				DEVELOPMENT_TEAM = J8B74FCZCC;
				PRODUCT_NAME = "$(TARGET_NAME)";
			};
			name = Release;
		};
		078901E120467355009ED751 /* Debug */ = {
			isa = XCBuildConfiguration;
			buildSettings = {
				CODE_SIGN_STYLE = Automatic;
				COMBINE_HIDPI_IMAGES = YES;
				DEVELOPMENT_TEAM = J8B74FCZCC;
				INFOPLIST_FILE = MortiseTenonPuzzleTests/Info.plist;
				LD_RUNPATH_SEARCH_PATHS = "$(inherited) @executable_path/../Frameworks @loader_path/../Frameworks";
				PRODUCT_BUNDLE_IDENTIFIER = com.goldthumb.MortiseTenonPuzzleTests;
				PRODUCT_NAME = "$(TARGET_NAME)";
			};
			name = Debug;
		};
		078901E220467355009ED751 /* Release */ = {
			isa = XCBuildConfiguration;
			buildSettings = {
				CODE_SIGN_STYLE = Automatic;
				COMBINE_HIDPI_IMAGES = YES;
				DEVELOPMENT_TEAM = J8B74FCZCC;
				INFOPLIST_FILE = MortiseTenonPuzzleTests/Info.plist;
				LD_RUNPATH_SEARCH_PATHS = "$(inherited) @executable_path/../Frameworks @loader_path/../Frameworks";
				PRODUCT_BUNDLE_IDENTIFIER = com.goldthumb.MortiseTenonPuzzleTests;
				PRODUCT_NAME = "$(TARGET_NAME)";
			};
			name = Release;
		};
/* End XCBuildConfiguration section */

/* Begin XCConfigurationList section */
		078901C92045858D009ED751 /* Build configuration list for PBXProject "MortiseTenonPuzzle" */ = {
			isa = XCConfigurationList;
			buildConfigurations = (
				078901D32045858D009ED751 /* Debug */,
				078901D42045858D009ED751 /* Release */,
			);
			defaultConfigurationIsVisible = 0;
			defaultConfigurationName = Release;
		};
		078901D52045858D009ED751 /* Build configuration list for PBXNativeTarget "MortiseTenonPuzzle" */ = {
			isa = XCConfigurationList;
			buildConfigurations = (
				078901D62045858D009ED751 /* Debug */,
				078901D72045858D009ED751 /* Release */,
			);
			defaultConfigurationIsVisible = 0;
			defaultConfigurationName = Release;
		};
		078901E320467355009ED751 /* Build configuration list for PBXNativeTarget "MortiseTenonPuzzleTests" */ = {
			isa = XCConfigurationList;
			buildConfigurations = (
				078901E120467355009ED751 /* Debug */,
				078901E220467355009ED751 /* Release */,
			);
			defaultConfigurationIsVisible = 0;
			defaultConfigurationName = Release;
		};
/* End XCConfigurationList section */
	};
	rootObject = 078901C62045858D009ED751 /* Project object */;
}
